<?xml version="1.0" encoding="utf-8"?>
<Project ToolsVersion="17.0" xmlns="http://schemas.microsoft.com/developer/msbuild/2003">
  <ItemGroup>
    <ClCompile Include="D:\cpp_projects\aoc2024\common\common.cpp">
      <Filter>Source Files</Filter>
    </ClCompile>
  </ItemGroup>
  <ItemGroup>
    <ClInclude Include="D:\cpp_projects\aoc2024\common\common.h">
      <Filter>Header Files</Filter>
    </ClInclude>
    <ClInclude Include="D:\cpp_projects\aoc2024\common\grid.h">
      <Filter>Header Files</Filter>
    </ClInclude>
  </ItemGroup>
  <ItemGroup>
    <CustomBuild Include="D:\cpp_projects\aoc2024\CMakeLists.txt" />
  </ItemGroup>
  <ItemGroup>
    <Filter Include="Header Files">
      <UniqueIdentifier>{E7D0E330-ED96-3A1D-ABA5-32845A918B63}</UniqueIdentifier>
    </Filter>
    <Filter Include="Source Files">
      <UniqueIdentifier>{CFE416FB-D8B1-3E2D-8744-3D809359FCA8}</UniqueIdentifier>
    </Filter>
  </ItemGroup>
</Project>
