
Microsoft Visual Studio Solution File, Format Version 12.00
# Visual Studio Version 17
Project("{2150E333-8FDC-42A3-9474-1A3956D46DE8}") = "CMakePredefinedTargets", "CMakePredefinedTargets", "{48328943-D14D-32C4-B8DD-7E90E1D65629}"
EndProject
Project("{8BC9CEB8-8B4A-11D0-8D11-00A0C91BC942}") = "ALL_BUILD", "ALL_BUILD.vcxproj", "{7AEB836A-F9B0-354E-A8CE-784638E2D646}"
	ProjectSection(ProjectDependencies) = postProject
		{4CAE09D6-47EA-3D3D-B873-95C023E327B2} = {4CAE09D6-47EA-3D3D-B873-95C023E327B2}
		{3F3998DE-DAA9-3360-B22D-3B18D7DC1EC4} = {3F3998DE-DAA9-3360-B22D-3B18D7DC1EC4}
		{16CC48B6-DF5D-3810-B2E8-4B5653422529} = {16CC48B6-DF5D-3810-B2E8-4B5653422529}
		{0DEEE2B7-4A8E-3E5F-8301-D4FB81583A73} = {0DEEE2B7-4A8E-3E5F-8301-D4FB81583A73}
		{F1A45EDB-03BC-38FF-9FE7-EB70C07F48CC} = {F1A45EDB-03BC-38FF-9FE7-EB70C07F48CC}
		{BA7D9BAE-18B6-34BB-97A0-63B31B066F1B} = {BA7D9BAE-18B6-34BB-97A0-63B31B066F1B}
		{0AC9BDF8-853D-3B5B-868C-B1E0F9EC5E44} = {0AC9BDF8-853D-3B5B-868C-B1E0F9EC5E44}
	EndProjectSection
EndProject
Project("{8BC9CEB8-8B4A-11D0-8D11-00A0C91BC942}") = "ZERO_CHECK", "ZERO_CHECK.vcxproj", "{4CAE09D6-47EA-3D3D-B873-95C023E327B2}"
	ProjectSection(ProjectDependencies) = postProject
	EndProjectSection
EndProject
Project("{8BC9CEB8-8B4A-11D0-8D11-00A0C91BC942}") = "aoc2024", "aoc2024.vcxproj", "{3F3998DE-DAA9-3360-B22D-3B18D7DC1EC4}"
	ProjectSection(ProjectDependencies) = postProject
		{4CAE09D6-47EA-3D3D-B873-95C023E327B2} = {4CAE09D6-47EA-3D3D-B873-95C023E327B2}
	EndProjectSection
EndProject
Project("{8BC9CEB8-8B4A-11D0-8D11-00A0C91BC942}") = "day1", "day1.vcxproj", "{16CC48B6-DF5D-3810-B2E8-4B5653422529}"
	ProjectSection(ProjectDependencies) = postProject
		{4CAE09D6-47EA-3D3D-B873-95C023E327B2} = {4CAE09D6-47EA-3D3D-B873-95C023E327B2}
		{3F3998DE-DAA9-3360-B22D-3B18D7DC1EC4} = {3F3998DE-DAA9-3360-B22D-3B18D7DC1EC4}
	EndProjectSection
EndProject
Project("{8BC9CEB8-8B4A-11D0-8D11-00A0C91BC942}") = "day2", "day2.vcxproj", "{0DEEE2B7-4A8E-3E5F-8301-D4FB81583A73}"
	ProjectSection(ProjectDependencies) = postProject
		{4CAE09D6-47EA-3D3D-B873-95C023E327B2} = {4CAE09D6-47EA-3D3D-B873-95C023E327B2}
		{3F3998DE-DAA9-3360-B22D-3B18D7DC1EC4} = {3F3998DE-DAA9-3360-B22D-3B18D7DC1EC4}
	EndProjectSection
EndProject
Project("{8BC9CEB8-8B4A-11D0-8D11-00A0C91BC942}") = "day3", "day3.vcxproj", "{F1A45EDB-03BC-38FF-9FE7-EB70C07F48CC}"
	ProjectSection(ProjectDependencies) = postProject
		{4CAE09D6-47EA-3D3D-B873-95C023E327B2} = {4CAE09D6-47EA-3D3D-B873-95C023E327B2}
		{3F3998DE-DAA9-3360-B22D-3B18D7DC1EC4} = {3F3998DE-DAA9-3360-B22D-3B18D7DC1EC4}
	EndProjectSection
EndProject
Project("{8BC9CEB8-8B4A-11D0-8D11-00A0C91BC942}") = "day4", "day4.vcxproj", "{BA7D9BAE-18B6-34BB-97A0-63B31B066F1B}"
	ProjectSection(ProjectDependencies) = postProject
		{4CAE09D6-47EA-3D3D-B873-95C023E327B2} = {4CAE09D6-47EA-3D3D-B873-95C023E327B2}
		{3F3998DE-DAA9-3360-B22D-3B18D7DC1EC4} = {3F3998DE-DAA9-3360-B22D-3B18D7DC1EC4}
	EndProjectSection
EndProject
Project("{8BC9CEB8-8B4A-11D0-8D11-00A0C91BC942}") = "dayN", "dayN.vcxproj", "{0AC9BDF8-853D-3B5B-868C-B1E0F9EC5E44}"
	ProjectSection(ProjectDependencies) = postProject
		{4CAE09D6-47EA-3D3D-B873-95C023E327B2} = {4CAE09D6-47EA-3D3D-B873-95C023E327B2}
		{3F3998DE-DAA9-3360-B22D-3B18D7DC1EC4} = {3F3998DE-DAA9-3360-B22D-3B18D7DC1EC4}
	EndProjectSection
EndProject
Global
	GlobalSection(SolutionConfigurationPlatforms) = preSolution
		Debug|x64 = Debug|x64
		Release|x64 = Release|x64
		MinSizeRel|x64 = MinSizeRel|x64
		RelWithDebInfo|x64 = RelWithDebInfo|x64
	EndGlobalSection
	GlobalSection(ProjectConfigurationPlatforms) = postSolution
		{7AEB836A-F9B0-354E-A8CE-784638E2D646}.Debug|x64.ActiveCfg = Debug|x64
		{7AEB836A-F9B0-354E-A8CE-784638E2D646}.Release|x64.ActiveCfg = Release|x64
		{7AEB836A-F9B0-354E-A8CE-784638E2D646}.MinSizeRel|x64.ActiveCfg = MinSizeRel|x64
		{7AEB836A-F9B0-354E-A8CE-784638E2D646}.RelWithDebInfo|x64.ActiveCfg = RelWithDebInfo|x64
		{4CAE09D6-47EA-3D3D-B873-95C023E327B2}.Debug|x64.ActiveCfg = Debug|x64
		{4CAE09D6-47EA-3D3D-B873-95C023E327B2}.Debug|x64.Build.0 = Debug|x64
		{4CAE09D6-47EA-3D3D-B873-95C023E327B2}.Release|x64.ActiveCfg = Release|x64
		{4CAE09D6-47EA-3D3D-B873-95C023E327B2}.Release|x64.Build.0 = Release|x64
		{4CAE09D6-47EA-3D3D-B873-95C023E327B2}.MinSizeRel|x64.ActiveCfg = MinSizeRel|x64
		{4CAE09D6-47EA-3D3D-B873-95C023E327B2}.MinSizeRel|x64.Build.0 = MinSizeRel|x64
		{4CAE09D6-47EA-3D3D-B873-95C023E327B2}.RelWithDebInfo|x64.ActiveCfg = RelWithDebInfo|x64
		{4CAE09D6-47EA-3D3D-B873-95C023E327B2}.RelWithDebInfo|x64.Build.0 = RelWithDebInfo|x64
		{3F3998DE-DAA9-3360-B22D-3B18D7DC1EC4}.Debug|x64.ActiveCfg = Debug|x64
		{3F3998DE-DAA9-3360-B22D-3B18D7DC1EC4}.Debug|x64.Build.0 = Debug|x64
		{3F3998DE-DAA9-3360-B22D-3B18D7DC1EC4}.Release|x64.ActiveCfg = Release|x64
		{3F3998DE-DAA9-3360-B22D-3B18D7DC1EC4}.Release|x64.Build.0 = Release|x64
		{3F3998DE-DAA9-3360-B22D-3B18D7DC1EC4}.MinSizeRel|x64.ActiveCfg = MinSizeRel|x64
		{3F3998DE-DAA9-3360-B22D-3B18D7DC1EC4}.MinSizeRel|x64.Build.0 = MinSizeRel|x64
		{3F3998DE-DAA9-3360-B22D-3B18D7DC1EC4}.RelWithDebInfo|x64.ActiveCfg = RelWithDebInfo|x64
		{3F3998DE-DAA9-3360-B22D-3B18D7DC1EC4}.RelWithDebInfo|x64.Build.0 = RelWithDebInfo|x64
		{16CC48B6-DF5D-3810-B2E8-4B5653422529}.Debug|x64.ActiveCfg = Debug|x64
		{16CC48B6-DF5D-3810-B2E8-4B5653422529}.Debug|x64.Build.0 = Debug|x64
		{16CC48B6-DF5D-3810-B2E8-4B5653422529}.Release|x64.ActiveCfg = Release|x64
		{16CC48B6-DF5D-3810-B2E8-4B5653422529}.Release|x64.Build.0 = Release|x64
		{16CC48B6-DF5D-3810-B2E8-4B5653422529}.MinSizeRel|x64.ActiveCfg = MinSizeRel|x64
		{16CC48B6-DF5D-3810-B2E8-4B5653422529}.MinSizeRel|x64.Build.0 = MinSizeRel|x64
		{16CC48B6-DF5D-3810-B2E8-4B5653422529}.RelWithDebInfo|x64.ActiveCfg = RelWithDebInfo|x64
		{16CC48B6-DF5D-3810-B2E8-4B5653422529}.RelWithDebInfo|x64.Build.0 = RelWithDebInfo|x64
		{0DEEE2B7-4A8E-3E5F-8301-D4FB81583A73}.Debug|x64.ActiveCfg = Debug|x64
		{0DEEE2B7-4A8E-3E5F-8301-D4FB81583A73}.Debug|x64.Build.0 = Debug|x64
		{0DEEE2B7-4A8E-3E5F-8301-D4FB81583A73}.Release|x64.ActiveCfg = Release|x64
		{0DEEE2B7-4A8E-3E5F-8301-D4FB81583A73}.Release|x64.Build.0 = Release|x64
		{0DEEE2B7-4A8E-3E5F-8301-D4FB81583A73}.MinSizeRel|x64.ActiveCfg = MinSizeRel|x64
		{0DEEE2B7-4A8E-3E5F-8301-D4FB81583A73}.MinSizeRel|x64.Build.0 = MinSizeRel|x64
		{0DEEE2B7-4A8E-3E5F-8301-D4FB81583A73}.RelWithDebInfo|x64.ActiveCfg = RelWithDebInfo|x64
		{0DEEE2B7-4A8E-3E5F-8301-D4FB81583A73}.RelWithDebInfo|x64.Build.0 = RelWithDebInfo|x64
		{F1A45EDB-03BC-38FF-9FE7-EB70C07F48CC}.Debug|x64.ActiveCfg = Debug|x64
		{F1A45EDB-03BC-38FF-9FE7-EB70C07F48CC}.Debug|x64.Build.0 = Debug|x64
		{F1A45EDB-03BC-38FF-9FE7-EB70C07F48CC}.Release|x64.ActiveCfg = Release|x64
		{F1A45EDB-03BC-38FF-9FE7-EB70C07F48CC}.Release|x64.Build.0 = Release|x64
		{F1A45EDB-03BC-38FF-9FE7-EB70C07F48CC}.MinSizeRel|x64.ActiveCfg = MinSizeRel|x64
		{F1A45EDB-03BC-38FF-9FE7-EB70C07F48CC}.MinSizeRel|x64.Build.0 = MinSizeRel|x64
		{F1A45EDB-03BC-38FF-9FE7-EB70C07F48CC}.RelWithDebInfo|x64.ActiveCfg = RelWithDebInfo|x64
		{F1A45EDB-03BC-38FF-9FE7-EB70C07F48CC}.RelWithDebInfo|x64.Build.0 = RelWithDebInfo|x64
		{BA7D9BAE-18B6-34BB-97A0-63B31B066F1B}.Debug|x64.ActiveCfg = Debug|x64
		{BA7D9BAE-18B6-34BB-97A0-63B31B066F1B}.Debug|x64.Build.0 = Debug|x64
		{BA7D9BAE-18B6-34BB-97A0-63B31B066F1B}.Release|x64.ActiveCfg = Release|x64
		{BA7D9BAE-18B6-34BB-97A0-63B31B066F1B}.Release|x64.Build.0 = Release|x64
		{BA7D9BAE-18B6-34BB-97A0-63B31B066F1B}.MinSizeRel|x64.ActiveCfg = MinSizeRel|x64
		{BA7D9BAE-18B6-34BB-97A0-63B31B066F1B}.MinSizeRel|x64.Build.0 = MinSizeRel|x64
		{BA7D9BAE-18B6-34BB-97A0-63B31B066F1B}.RelWithDebInfo|x64.ActiveCfg = RelWithDebInfo|x64
		{BA7D9BAE-18B6-34BB-97A0-63B31B066F1B}.RelWithDebInfo|x64.Build.0 = RelWithDebInfo|x64
		{0AC9BDF8-853D-3B5B-868C-B1E0F9EC5E44}.Debug|x64.ActiveCfg = Debug|x64
		{0AC9BDF8-853D-3B5B-868C-B1E0F9EC5E44}.Debug|x64.Build.0 = Debug|x64
		{0AC9BDF8-853D-3B5B-868C-B1E0F9EC5E44}.Release|x64.ActiveCfg = Release|x64
		{0AC9BDF8-853D-3B5B-868C-B1E0F9EC5E44}.Release|x64.Build.0 = Release|x64
		{0AC9BDF8-853D-3B5B-868C-B1E0F9EC5E44}.MinSizeRel|x64.ActiveCfg = MinSizeRel|x64
		{0AC9BDF8-853D-3B5B-868C-B1E0F9EC5E44}.MinSizeRel|x64.Build.0 = MinSizeRel|x64
		{0AC9BDF8-853D-3B5B-868C-B1E0F9EC5E44}.RelWithDebInfo|x64.ActiveCfg = RelWithDebInfo|x64
		{0AC9BDF8-853D-3B5B-868C-B1E0F9EC5E44}.RelWithDebInfo|x64.Build.0 = RelWithDebInfo|x64
	EndGlobalSection
	GlobalSection(NestedProjects) = preSolution
		{7AEB836A-F9B0-354E-A8CE-784638E2D646} = {48328943-D14D-32C4-B8DD-7E90E1D65629}
		{4CAE09D6-47EA-3D3D-B873-95C023E327B2} = {48328943-D14D-32C4-B8DD-7E90E1D65629}
	EndGlobalSection
	GlobalSection(ExtensibilityGlobals) = postSolution
		SolutionGuid = {0C6E5712-1B7F-3FDD-B0B3-48A3E7438C1F}
	EndGlobalSection
	GlobalSection(ExtensibilityAddIns) = postSolution
	EndGlobalSection
EndGlobal
